
Microsoft Visual Studio Solution File, Format Version 12.00
# Visual Studio Version 17
VisualStudioVersion = 17.12.35527.113
MinimumVisualStudioVersion = 10.0.40219.1
Project("{FAE04EC0-301F-11D3-BF4B-00C04F79EFBC}") = "TestGenesis.Server", "TestGenesis.Server\TestGenesis.Server.csproj", "{C65BEACC-7FCE-4790-B41A-CE661D216779}"
EndProject
Project("{54A90642-561A-4BB1-A94E-469ADEE60C69}") = "testgenesis.client", "testgenesis.client\testgenesis.client.esproj", "{75AE87A9-69FA-479B-83D3-97B7A19E4489}"
EndProject
Project("{FAE04EC0-301F-11D3-BF4B-00C04F79EFBC}") = "TestGenesis.Tests", "TestGenesis.Tests\TestGenesis.Tests.csproj", "{46019662-5D3B-4694-AD37-65C2E8B89158}"
EndProject
Project("{FAE04EC0-301F-11D3-BF4B-00C04F79EFBC}") = "TestGenesis.Server.Application", "TestGenesis.Server.Application\TestGenesis.Server.Application.csproj", "{7BDC83F7-169C-4B90-A1FC-393A84EE9FC8}"
EndProject
Project("{FAE04EC0-301F-11D3-BF4B-00C04F79EFBC}") = "TestGenesis.Server.Domain", "TestGenesis.Server.Domain\TestGenesis.Server.Domain.csproj", "{4E325460-4AFB-413E-AE47-A97CE3B260E2}"
EndProject
Project("{FAE04EC0-301F-11D3-BF4B-00C04F79EFBC}") = "TestGenesis.Server.CrossCutting", "TestGenesis.Server.CrossCutting\TestGenesis.Server.CrossCutting.csproj", "{224D399F-B37C-48DC-9DD9-A81F28995539}"
EndProject
Global
	GlobalSection(SolutionConfigurationPlatforms) = preSolution
		Debug|Any CPU = Debug|Any CPU
		Release|Any CPU = Release|Any CPU
	EndGlobalSection
	GlobalSection(ProjectConfigurationPlatforms) = postSolution
		{C65BEACC-7FCE-4790-B41A-CE661D216779}.Debug|Any CPU.ActiveCfg = Debug|Any CPU
		{C65BEACC-7FCE-4790-B41A-CE661D216779}.Debug|Any CPU.Build.0 = Debug|Any CPU
		{C65BEACC-7FCE-4790-B41A-CE661D216779}.Release|Any CPU.ActiveCfg = Release|Any CPU
		{C65BEACC-7FCE-4790-B41A-CE661D216779}.Release|Any CPU.Build.0 = Release|Any CPU
		{75AE87A9-69FA-479B-83D3-97B7A19E4489}.Debug|Any CPU.ActiveCfg = Debug|Any CPU
		{75AE87A9-69FA-479B-83D3-97B7A19E4489}.Debug|Any CPU.Build.0 = Debug|Any CPU
		{75AE87A9-69FA-479B-83D3-97B7A19E4489}.Debug|Any CPU.Deploy.0 = Debug|Any CPU
		{75AE87A9-69FA-479B-83D3-97B7A19E4489}.Release|Any CPU.ActiveCfg = Release|Any CPU
		{75AE87A9-69FA-479B-83D3-97B7A19E4489}.Release|Any CPU.Build.0 = Release|Any CPU
		{75AE87A9-69FA-479B-83D3-97B7A19E4489}.Release|Any CPU.Deploy.0 = Release|Any CPU
		{46019662-5D3B-4694-AD37-65C2E8B89158}.Debug|Any CPU.ActiveCfg = Debug|Any CPU
		{46019662-5D3B-4694-AD37-65C2E8B89158}.Debug|Any CPU.Build.0 = Debug|Any CPU
		{46019662-5D3B-4694-AD37-65C2E8B89158}.Release|Any CPU.ActiveCfg = Release|Any CPU
		{46019662-5D3B-4694-AD37-65C2E8B89158}.Release|Any CPU.Build.0 = Release|Any CPU
		{7BDC83F7-169C-4B90-A1FC-393A84EE9FC8}.Debug|Any CPU.ActiveCfg = Debug|Any CPU
		{7BDC83F7-169C-4B90-A1FC-393A84EE9FC8}.Debug|Any CPU.Build.0 = Debug|Any CPU
		{7BDC83F7-169C-4B90-A1FC-393A84EE9FC8}.Release|Any CPU.ActiveCfg = Release|Any CPU
		{7BDC83F7-169C-4B90-A1FC-393A84EE9FC8}.Release|Any CPU.Build.0 = Release|Any CPU
		{4E325460-4AFB-413E-AE47-A97CE3B260E2}.Debug|Any CPU.ActiveCfg = Debug|Any CPU
		{4E325460-4AFB-413E-AE47-A97CE3B260E2}.Debug|Any CPU.Build.0 = Debug|Any CPU
		{4E325460-4AFB-413E-AE47-A97CE3B260E2}.Release|Any CPU.ActiveCfg = Release|Any CPU
		{4E325460-4AFB-413E-AE47-A97CE3B260E2}.Release|Any CPU.Build.0 = Release|Any CPU
		{224D399F-B37C-48DC-9DD9-A81F28995539}.Debug|Any CPU.ActiveCfg = Debug|Any CPU
		{224D399F-B37C-48DC-9DD9-A81F28995539}.Debug|Any CPU.Build.0 = Debug|Any CPU
		{224D399F-B37C-48DC-9DD9-A81F28995539}.Release|Any CPU.ActiveCfg = Release|Any CPU
		{224D399F-B37C-48DC-9DD9-A81F28995539}.Release|Any CPU.Build.0 = Release|Any CPU
	EndGlobalSection
	GlobalSection(SolutionProperties) = preSolution
		HideSolutionNode = FALSE
	EndGlobalSection
EndGlobal
